
Microsoft Visual Studio Solution File, Format Version 12.00
# Visual Studio Version 17
VisualStudioVersion = 17.8.34511.84
MinimumVisualStudioVersion = 10.0.40219.1
Project("{9A19103F-16F7-4668-BE54-9A1E7A4F7556}") = "AM.Console", "AM.Console\AM.Console.csproj", "{9C975C78-73E8-481F-9C4B-F474A0281245}"
EndProject
Project("{9A19103F-16F7-4668-BE54-9A1E7A4F7556}") = "AM.ApplicationCore", "AM.ApplicationCore\AM.ApplicationCore.csproj", "{3174EFC1-EC5D-495E-8A08-2DD8A6E884C1}"
EndProject
Project("{FAE04EC0-301F-11D3-BF4B-00C04F79EFBC}") = "AM.Infrastructure", "AM.Infrastructure\AM.Infrastructure.csproj", "{5A42BF58-473B-4D89-B312-2E518CFB7A88}"
EndProject
Global
	GlobalSection(SolutionConfigurationPlatforms) = preSolution
		Debug|Any CPU = Debug|Any CPU
		Release|Any CPU = Release|Any CPU
	EndGlobalSection
	GlobalSection(ProjectConfigurationPlatforms) = postSolution
		{9C975C78-73E8-481F-9C4B-F474A0281245}.Debug|Any CPU.ActiveCfg = Debug|Any CPU
		{9C975C78-73E8-481F-9C4B-F474A0281245}.Debug|Any CPU.Build.0 = Debug|Any CPU
		{9C975C78-73E8-481F-9C4B-F474A0281245}.Release|Any CPU.ActiveCfg = Release|Any CPU
		{9C975C78-73E8-481F-9C4B-F474A0281245}.Release|Any CPU.Build.0 = Release|Any CPU
		{3174EFC1-EC5D-495E-8A08-2DD8A6E884C1}.Debug|Any CPU.ActiveCfg = Debug|Any CPU
		{3174EFC1-EC5D-495E-8A08-2DD8A6E884C1}.Debug|Any CPU.Build.0 = Debug|Any CPU
		{3174EFC1-EC5D-495E-8A08-2DD8A6E884C1}.Release|Any CPU.ActiveCfg = Release|Any CPU
		{3174EFC1-EC5D-495E-8A08-2DD8A6E884C1}.Release|Any CPU.Build.0 = Release|Any CPU
		{5A42BF58-473B-4D89-B312-2E518CFB7A88}.Debug|Any CPU.ActiveCfg = Debug|Any CPU
		{5A42BF58-473B-4D89-B312-2E518CFB7A88}.Debug|Any CPU.Build.0 = Debug|Any CPU
		{5A42BF58-473B-4D89-B312-2E518CFB7A88}.Release|Any CPU.ActiveCfg = Release|Any CPU
		{5A42BF58-473B-4D89-B312-2E518CFB7A88}.Release|Any CPU.Build.0 = Release|Any CPU
	EndGlobalSection
	GlobalSection(SolutionProperties) = preSolution
		HideSolutionNode = FALSE
	EndGlobalSection
	GlobalSection(ExtensibilityGlobals) = postSolution
		SolutionGuid = {34DDC046-2E60-4E8C-9783-7B6DD0F1DA69}
	EndGlobalSection
EndGlobal
